<?xml version="1.0" encoding="utf-8"?>
<Project ToolsVersion="4.0" xmlns="http://schemas.microsoft.com/developer/msbuild/2003">
  <ItemGroup>
    <Filter Include="Source Files">
      <UniqueIdentifier>{4FC737F1-C7A5-4376-A066-2A32D752A2FF}</UniqueIdentifier>
      <Extensions>cpp;c;cc;cxx;c++;cppm;ixx;def;odl;idl;hpj;bat;asm;asmx</Extensions>
    </Filter>
    <Filter Include="Header Files">
      <UniqueIdentifier>{93995380-89BD-4b04-88EB-625FBE52EBFB}</UniqueIdentifier>
      <Extensions>h;hh;hpp;hxx;h++;hm;inl;inc;ipp;xsd</Extensions>
    </Filter>
    <Filter Include="Resource Files">
      <UniqueIdentifier>{67DA6AB6-F800-4c08-8B7A-83BB121AAD01}</UniqueIdentifier>
      <Extensions>rc;ico;cur;bmp;dlg;rc2;rct;bin;rgs;gif;jpg;jpeg;jpe;resx;tiff;tif;png;wav;mfcribbon-ms</Extensions>
    </Filter>
    <Filter Include="Source Files\Vendor">
      <UniqueIdentifier>{d2098bcc-abf8-425b-a48c-1ea518d1dc5a}</UniqueIdentifier>
    </Filter>
    <Filter Include="Source Files\Renderer">
      <UniqueIdentifier>{d044c26c-40df-4f03-a92d-f349b4a3570f}</UniqueIdentifier>
    </Filter>
    <Filter Include="Header Files\Renderer">
      <UniqueIdentifier>{aebf5c3a-cfd8-49d1-adf2-d78b3a61e55f}</UniqueIdentifier>
    </Filter>
    <Filter Include="Source Files\Core">
      <UniqueIdentifier>{7f045998-3f11-48da-9865-c18c2cfa9699}</UniqueIdentifier>
    </Filter>
    <Filter Include="Header Files\Core">
      <UniqueIdentifier>{28d37786-b364-4deb-92f5-034cabfc9d36}</UniqueIdentifier>
    </Filter>
    <Filter Include="Header Files\Game">
      <UniqueIdentifier>{5226ad15-d155-49ee-9236-071c4364f2d7}</UniqueIdentifier>
    </Filter>
    <Filter Include="Source Files\Game">
      <UniqueIdentifier>{6992e372-097e-417a-b7b0-f904ebfd871f}</UniqueIdentifier>
    </Filter>
    <Filter Include="Header Files\Game\States">
      <UniqueIdentifier>{c6905fdf-1698-4b2a-9901-da23c67ab226}</UniqueIdentifier>
    </Filter>
    <Filter Include="Source Files\Game\States">
      <UniqueIdentifier>{9785e0d0-7821-4257-bcf1-c6ad3f83161b}</UniqueIdentifier>
    </Filter>
    <Filter Include="Source Files\Vendor\imgui">
      <UniqueIdentifier>{8bae98ba-d60f-46e5-9247-6409e3cc8382}</UniqueIdentifier>
    </Filter>
    <Filter Include="Header Files\Game\GUI">
      <UniqueIdentifier>{2c2dcccf-3ff6-46d6-8053-bbf5156bd66c}</UniqueIdentifier>
    </Filter>
    <Filter Include="Source Files\Game\GUI">
      <UniqueIdentifier>{b9902fff-051e-4b66-86fd-43b979d419c7}</UniqueIdentifier>
    </Filter>
    <Filter Include="Header Files\Game\Objects">
      <UniqueIdentifier>{ad4c6619-7e22-4ed8-96fc-5065abc25d5a}</UniqueIdentifier>
    </Filter>
    <Filter Include="Source Files\Game\Objects">
      <UniqueIdentifier>{c1c11035-bfb2-45a8-a520-c7a37d1ed6c8}</UniqueIdentifier>
    </Filter>
    <Filter Include="Header Files\Game\Level">
      <UniqueIdentifier>{5584f667-d2e7-4718-8bea-a62514db4225}</UniqueIdentifier>
    </Filter>
    <Filter Include="Source Files\Game\Level">
      <UniqueIdentifier>{6ea8a11c-d8cb-49f5-9e9b-6b84cb9baeac}</UniqueIdentifier>
    </Filter>
    <Filter Include="Source Files\Vendor\rapidjson">
      <UniqueIdentifier>{3c02482a-c0c9-4ebe-b863-ad5903f7aa0a}</UniqueIdentifier>
    </Filter>
    <Filter Include="Header Files\Game\Utility">
      <UniqueIdentifier>{57b77bc9-6da9-4f3f-8789-1a67a29f7527}</UniqueIdentifier>
    </Filter>
    <Filter Include="Source Files\Game\Utility">
      <UniqueIdentifier>{84f2e582-2b1f-4d90-b79f-e33409b12572}</UniqueIdentifier>
    </Filter>
  </ItemGroup>
  <ItemGroup>
    <ClCompile Include="src\Main.cpp">
      <Filter>Source Files</Filter>
    </ClCompile>
    <ClCompile Include="src\SGUtil.cpp">
      <Filter>Source Files</Filter>
    </ClCompile>
    <ClCompile Include="src\vendor\stb\stb_image.cpp">
      <Filter>Source Files\Vendor</Filter>
    </ClCompile>
    <ClCompile Include="src\renderer\Camera.cpp">
      <Filter>Source Files\Renderer</Filter>
    </ClCompile>
    <ClCompile Include="src\renderer\GLClasses.cpp">
      <Filter>Source Files\Renderer</Filter>
    </ClCompile>
    <ClCompile Include="src\renderer\ShapeFactory.cpp">
      <Filter>Source Files\Renderer</Filter>
    </ClCompile>
    <ClCompile Include="src\renderer\Texture.cpp">
      <Filter>Source Files\Renderer</Filter>
    </ClCompile>
    <ClCompile Include="src\renderer\Plane.cpp">
      <Filter>Source Files\Renderer</Filter>
    </ClCompile>
    <ClCompile Include="src\core\Game.cpp">
      <Filter>Source Files\Core</Filter>
    </ClCompile>
    <ClCompile Include="src\core\ObjManagement.cpp">
      <Filter>Source Files\Core</Filter>
    </ClCompile>
    <ClCompile Include="src\game\DemoGame.cpp">
      <Filter>Source Files\Game</Filter>
    </ClCompile>
    <ClCompile Include="src\game\states\Splash.cpp">
      <Filter>Source Files\Game\States</Filter>
    </ClCompile>
    <ClCompile Include="src\vendor\imgui\imgui.cpp">
      <Filter>Source Files\Vendor\imgui</Filter>
    </ClCompile>
    <ClCompile Include="src\vendor\imgui\imgui_demo.cpp">
      <Filter>Source Files\Vendor\imgui</Filter>
    </ClCompile>
    <ClCompile Include="src\vendor\imgui\imgui_draw.cpp">
      <Filter>Source Files\Vendor\imgui</Filter>
    </ClCompile>
    <ClCompile Include="src\vendor\imgui\imgui_impl_glfw.cpp">
      <Filter>Source Files\Vendor\imgui</Filter>
    </ClCompile>
    <ClCompile Include="src\vendor\imgui\imgui_impl_opengl3.cpp">
      <Filter>Source Files\Vendor\imgui</Filter>
    </ClCompile>
    <ClCompile Include="src\vendor\imgui\imgui_tables.cpp">
      <Filter>Source Files\Vendor\imgui</Filter>
    </ClCompile>
    <ClCompile Include="src\vendor\imgui\imgui_widgets.cpp">
      <Filter>Source Files\Vendor\imgui</Filter>
    </ClCompile>
    <ClCompile Include="src\game\states\MainMenu.cpp">
      <Filter>Source Files\Game\States</Filter>
    </ClCompile>
    <ClCompile Include="src\game\gui\GUI.cpp">
      <Filter>Source Files\Game\GUI</Filter>
    </ClCompile>
    <ClCompile Include="src\game\states\Overworld.cpp">
      <Filter>Source Files\Game\States</Filter>
    </ClCompile>
    <ClCompile Include="src\game\objects\PlayerObjects.cpp">
      <Filter>Source Files\Game\Objects</Filter>
    </ClCompile>
    <ClCompile Include="src\game\level\World.cpp">
      <Filter>Source Files\Game\Level</Filter>
    </ClCompile>
    <ClCompile Include="src\game\objects\TileMap.cpp">
      <Filter>Source Files\Game\Objects</Filter>
    </ClCompile>
    <ClCompile Include="src\game\objects\OverworldSprite.cpp">
      <Filter>Source Files\Game\Objects</Filter>
    </ClCompile>
    <ClCompile Include="src\game\objects\NPCAi.cpp">
      <Filter>Source Files\Game\Objects</Filter>
    </ClCompile>
    <ClCompile Include="include\game\objects\Script.cpp">
      <Filter>Source Files</Filter>
    </ClCompile>
    <ClCompile Include="src\game\utility\GameText.cpp">
      <Filter>Source Files\Game\Utility</Filter>
    </ClCompile>
  </ItemGroup>
  <ItemGroup>
    <ClInclude Include="include\SGUtil.h">
      <Filter>Header Files</Filter>
    </ClInclude>
    <ClInclude Include="include\renderer\Camera.h">
      <Filter>Header Files\Renderer</Filter>
    </ClInclude>
    <ClInclude Include="include\renderer\GLClasses.h">
      <Filter>Header Files\Renderer</Filter>
    </ClInclude>
    <ClInclude Include="include\renderer\Renderer.hpp">
      <Filter>Header Files\Renderer</Filter>
    </ClInclude>
    <ClInclude Include="include\renderer\RenderQueue.hpp">
      <Filter>Header Files\Renderer</Filter>
    </ClInclude>
    <ClInclude Include="include\renderer\ShapeFactory.h">
      <Filter>Header Files\Renderer</Filter>
    </ClInclude>
    <ClInclude Include="include\renderer\Texture.h">
      <Filter>Header Files\Renderer</Filter>
    </ClInclude>
    <ClInclude Include="include\renderer\Vertex.hpp">
      <Filter>Header Files\Renderer</Filter>
    </ClInclude>
    <ClInclude Include="include\renderer\Plane.h">
      <Filter>Header Files\Renderer</Filter>
    </ClInclude>
    <ClInclude Include="include\core\Callbacks.hpp">
      <Filter>Header Files\Core</Filter>
    </ClInclude>
    <ClInclude Include="include\core\Game.h">
      <Filter>Header Files\Core</Filter>
    </ClInclude>
    <ClInclude Include="include\core\GameObject.hpp">
      <Filter>Header Files\Core</Filter>
    </ClInclude>
    <ClInclude Include="include\core\ObjManagement.h">
      <Filter>Header Files\Core</Filter>
    </ClInclude>
    <ClInclude Include="include\core\State.hpp">
      <Filter>Header Files\Core</Filter>
    </ClInclude>
    <ClInclude Include="include\game\DemoGame.h">
      <Filter>Header Files\Game</Filter>
    </ClInclude>
    <ClInclude Include="include\game\states\Splash.h">
      <Filter>Header Files\Game\States</Filter>
    </ClInclude>
    <ClInclude Include="src\vendor\imgui\imconfig.h">
      <Filter>Source Files\Vendor\imgui</Filter>
    </ClInclude>
    <ClInclude Include="src\vendor\imgui\imgui.h">
      <Filter>Source Files\Vendor\imgui</Filter>
    </ClInclude>
    <ClInclude Include="src\vendor\imgui\imgui_impl_glfw.h">
      <Filter>Source Files\Vendor\imgui</Filter>
    </ClInclude>
    <ClInclude Include="src\vendor\imgui\imgui_impl_opengl3.h">
      <Filter>Source Files\Vendor\imgui</Filter>
    </ClInclude>
    <ClInclude Include="src\vendor\imgui\imgui_internal.h">
      <Filter>Source Files\Vendor\imgui</Filter>
    </ClInclude>
    <ClInclude Include="src\vendor\imgui\imstb_rectpack.h">
      <Filter>Source Files\Vendor\imgui</Filter>
    </ClInclude>
    <ClInclude Include="src\vendor\imgui\imstb_textedit.h">
      <Filter>Source Files\Vendor\imgui</Filter>
    </ClInclude>
    <ClInclude Include="src\vendor\imgui\imstb_truetype.h">
      <Filter>Source Files\Vendor\imgui</Filter>
    </ClInclude>
    <ClInclude Include="src\vendor\imgui\imgui_impl_opengl3_loader.h">
      <Filter>Source Files\Vendor\imgui</Filter>
    </ClInclude>
    <ClInclude Include="include\game\states\MainMenu.h">
      <Filter>Header Files\Game\States</Filter>
    </ClInclude>
    <ClInclude Include="include\game\gui\GUI.h">
      <Filter>Header Files\Game\GUI</Filter>
    </ClInclude>
    <ClInclude Include="include\game\states\Overworld.h">
      <Filter>Header Files\Game\States</Filter>
    </ClInclude>
    <ClInclude Include="include\game\objects\PlayerObjects.h">
      <Filter>Header Files\Game\Objects</Filter>
    </ClInclude>
    <ClInclude Include="include\game\level\World.h">
      <Filter>Header Files\Game\Level</Filter>
    </ClInclude>
    <ClInclude Include="include\game\objects\TileMap.h">
      <Filter>Header Files\Game\Objects</Filter>
    </ClInclude>
    <ClInclude Include="src\vendor\rapidjson\allocators.h">
      <Filter>Source Files\Vendor\rapidjson</Filter>
    </ClInclude>
    <ClInclude Include="src\vendor\rapidjson\cursorstreamwrapper.h">
      <Filter>Source Files\Vendor\rapidjson</Filter>
    </ClInclude>
    <ClInclude Include="src\vendor\rapidjson\document.h">
      <Filter>Source Files\Vendor\rapidjson</Filter>
    </ClInclude>
    <ClInclude Include="src\vendor\rapidjson\encodedstream.h">
      <Filter>Source Files\Vendor\rapidjson</Filter>
    </ClInclude>
    <ClInclude Include="src\vendor\rapidjson\encodings.h">
      <Filter>Source Files\Vendor\rapidjson</Filter>
    </ClInclude>
    <ClInclude Include="src\vendor\rapidjson\filereadstream.h">
      <Filter>Source Files\Vendor\rapidjson</Filter>
    </ClInclude>
    <ClInclude Include="src\vendor\rapidjson\filewritestream.h">
      <Filter>Source Files\Vendor\rapidjson</Filter>
    </ClInclude>
    <ClInclude Include="src\vendor\rapidjson\fwd.h">
      <Filter>Source Files\Vendor\rapidjson</Filter>
    </ClInclude>
    <ClInclude Include="src\vendor\rapidjson\istreamwrapper.h">
      <Filter>Source Files\Vendor\rapidjson</Filter>
    </ClInclude>
    <ClInclude Include="src\vendor\rapidjson\memorybuffer.h">
      <Filter>Source Files\Vendor\rapidjson</Filter>
    </ClInclude>
    <ClInclude Include="src\vendor\rapidjson\memorystream.h">
      <Filter>Source Files\Vendor\rapidjson</Filter>
    </ClInclude>
    <ClInclude Include="src\vendor\rapidjson\ostreamwrapper.h">
      <Filter>Source Files\Vendor\rapidjson</Filter>
    </ClInclude>
    <ClInclude Include="src\vendor\rapidjson\pointer.h">
      <Filter>Source Files\Vendor\rapidjson</Filter>
    </ClInclude>
    <ClInclude Include="src\vendor\rapidjson\prettywriter.h">
      <Filter>Source Files\Vendor\rapidjson</Filter>
    </ClInclude>
    <ClInclude Include="src\vendor\rapidjson\rapidjson.h">
      <Filter>Source Files\Vendor\rapidjson</Filter>
    </ClInclude>
    <ClInclude Include="src\vendor\rapidjson\reader.h">
      <Filter>Source Files\Vendor\rapidjson</Filter>
    </ClInclude>
    <ClInclude Include="src\vendor\rapidjson\schema.h">
      <Filter>Source Files\Vendor\rapidjson</Filter>
    </ClInclude>
    <ClInclude Include="src\vendor\rapidjson\stream.h">
      <Filter>Source Files\Vendor\rapidjson</Filter>
    </ClInclude>
    <ClInclude Include="src\vendor\rapidjson\stringbuffer.h">
      <Filter>Source Files\Vendor\rapidjson</Filter>
    </ClInclude>
    <ClInclude Include="src\vendor\rapidjson\uri.h">
      <Filter>Source Files\Vendor\rapidjson</Filter>
    </ClInclude>
    <ClInclude Include="src\vendor\rapidjson\writer.h">
      <Filter>Source Files\Vendor\rapidjson</Filter>
    </ClInclude>
    <ClInclude Include="include\core\Message.hpp">
      <Filter>Header Files\Core</Filter>
    </ClInclude>
    <ClInclude Include="include\game\objects\OverworldSprite.h">
      <Filter>Header Files\Game\Objects</Filter>
    </ClInclude>
    <ClInclude Include="include\game\objects\NPCAi.h">
      <Filter>Header Files\Game\Objects</Filter>
    </ClInclude>
    <ClInclude Include="include\game\objects\Script.hpp">
      <Filter>Header Files\Game\Objects</Filter>
    </ClInclude>
    <ClInclude Include="include\game\utility\GameText.h">
      <Filter>Header Files\Game\Utility</Filter>
    </ClInclude>
  </ItemGroup>
  <ItemGroup>
    <None Include="res\shaders\Default.glsl">
      <Filter>Resource Files</Filter>
    </None>
    <None Include="res\shaders\DefaultTexture.glsl">
      <Filter>Resource Files</Filter>
    </None>
    <None Include="res\level\level0.json">
      <Filter>Resource Files</Filter>
    </None>
  </ItemGroup>
</Project>