<?xml version="1.0" encoding="utf-8"?>
<Project ToolsVersion="4.0" xmlns="http://schemas.microsoft.com/developer/msbuild/2003">
  <ItemGroup>
    <Filter Include="Source Files">
      <UniqueIdentifier>{4FC737F1-C7A5-4376-A066-2A32D752A2FF}</UniqueIdentifier>
      <Extensions>cpp;c;cc;cxx;c++;cppm;ixx;def;odl;idl;hpj;bat;asm;asmx</Extensions>
    </Filter>
    <Filter Include="Header Files">
      <UniqueIdentifier>{93995380-89BD-4b04-88EB-625FBE52EBFB}</UniqueIdentifier>
      <Extensions>h;hh;hpp;hxx;h++;hm;inl;inc;ipp;xsd</Extensions>
    </Filter>
    <Filter Include="Resource Files">
      <UniqueIdentifier>{67DA6AB6-F800-4c08-8B7A-83BB121AAD01}</UniqueIdentifier>
      <Extensions>rc;ico;cur;bmp;dlg;rc2;rct;bin;rgs;gif;jpg;jpeg;jpe;resx;tiff;tif;png;wav;mfcribbon-ms</Extensions>
    </Filter>
    <Filter Include="Source Files\Game Specific">
      <UniqueIdentifier>{6992e372-097e-417a-b7b0-f904ebfd871f}</UniqueIdentifier>
    </Filter>
    <Filter Include="Header Files\Game Specific">
      <UniqueIdentifier>{5226ad15-d155-49ee-9236-071c4364f2d7}</UniqueIdentifier>
    </Filter>
    <Filter Include="Source Files\Vendor">
      <UniqueIdentifier>{d2098bcc-abf8-425b-a48c-1ea518d1dc5a}</UniqueIdentifier>
    </Filter>
    <Filter Include="Source Files\Renderer">
      <UniqueIdentifier>{d044c26c-40df-4f03-a92d-f349b4a3570f}</UniqueIdentifier>
    </Filter>
    <Filter Include="Header Files\Renderer">
      <UniqueIdentifier>{aebf5c3a-cfd8-49d1-adf2-d78b3a61e55f}</UniqueIdentifier>
    </Filter>
    <Filter Include="Header Files\Game">
      <UniqueIdentifier>{28d37786-b364-4deb-92f5-034cabfc9d36}</UniqueIdentifier>
    </Filter>
    <Filter Include="Source Files\Game">
      <UniqueIdentifier>{7f045998-3f11-48da-9865-c18c2cfa9699}</UniqueIdentifier>
    </Filter>
  </ItemGroup>
  <ItemGroup>
    <ClCompile Include="src\Main.cpp">
      <Filter>Source Files</Filter>
    </ClCompile>
    <ClCompile Include="src\SGUtil.cpp">
      <Filter>Source Files</Filter>
    </ClCompile>
    <ClCompile Include="src\vendor\stb\stb_image.cpp">
      <Filter>Source Files\Vendor</Filter>
    </ClCompile>
    <ClCompile Include="src\renderer\Camera.cpp">
      <Filter>Source Files\Renderer</Filter>
    </ClCompile>
    <ClCompile Include="src\renderer\GLClasses.cpp">
      <Filter>Source Files\Renderer</Filter>
    </ClCompile>
    <ClCompile Include="src\renderer\ShapeFactory.cpp">
      <Filter>Source Files\Renderer</Filter>
    </ClCompile>
    <ClCompile Include="src\renderer\Texture.cpp">
      <Filter>Source Files\Renderer</Filter>
    </ClCompile>
    <ClCompile Include="src\renderer\Plane.cpp">
      <Filter>Source Files\Renderer</Filter>
    </ClCompile>
    <ClCompile Include="src\game\Game.cpp">
      <Filter>Source Files\Game</Filter>
    </ClCompile>
  </ItemGroup>
  <ItemGroup>
    <ClInclude Include="include\SGUtil.h">
      <Filter>Header Files</Filter>
    </ClInclude>
    <ClInclude Include="include\renderer\Camera.h">
      <Filter>Header Files\Renderer</Filter>
    </ClInclude>
    <ClInclude Include="include\renderer\GLClasses.h">
      <Filter>Header Files\Renderer</Filter>
    </ClInclude>
    <ClInclude Include="include\renderer\Renderer.hpp">
      <Filter>Header Files\Renderer</Filter>
    </ClInclude>
    <ClInclude Include="include\renderer\RenderQueue.hpp">
      <Filter>Header Files\Renderer</Filter>
    </ClInclude>
    <ClInclude Include="include\renderer\ShapeFactory.h">
      <Filter>Header Files\Renderer</Filter>
    </ClInclude>
    <ClInclude Include="include\renderer\Texture.h">
      <Filter>Header Files\Renderer</Filter>
    </ClInclude>
    <ClInclude Include="include\renderer\Vertex.hpp">
      <Filter>Header Files\Renderer</Filter>
    </ClInclude>
    <ClInclude Include="include\renderer\Plane.h">
      <Filter>Header Files\Renderer</Filter>
    </ClInclude>
    <ClInclude Include="include\game\Callbacks.hpp">
      <Filter>Header Files\Game</Filter>
    </ClInclude>
    <ClInclude Include="include\game\Game.h">
      <Filter>Header Files\Game</Filter>
    </ClInclude>
    <ClInclude Include="include\game\GameObject.hpp">
      <Filter>Header Files\Game</Filter>
    </ClInclude>
    <ClInclude Include="include\game\State.hpp">
      <Filter>Header Files\Game</Filter>
    </ClInclude>
  </ItemGroup>
  <ItemGroup>
    <None Include="res\shaders\Default.glsl">
      <Filter>Resource Files</Filter>
    </None>
  </ItemGroup>
</Project>